
Microsoft Visual Studio Solution File, Format Version 12.00
# Visual Studio Version 17
VisualStudioVersion = 17.0.31903.59
MinimumVisualStudioVersion = 10.0.40219.1
Project("{FAE04EC0-301F-11D3-BF4B-00C04F79EFBC}") = "HomestayWeb", "HomestayWeb\HomestayWeb.csproj", "{A33733A2-C0EF-4790-B3C5-AB098DC61A7A}"
EndProject
Global
	GlobalSection(SolutionConfigurationPlatforms) = preSolution
		Debug|Any CPU = Debug|Any CPU
		Release|Any CPU = Release|Any CPU
	EndGlobalSection
	GlobalSection(ProjectConfigurationPlatforms) = postSolution
		{A33733A2-C0EF-4790-B3C5-AB098DC61A7A}.Debug|Any CPU.ActiveCfg = Debug|Any CPU
		{A33733A2-C0EF-4790-B3C5-AB098DC61A7A}.Debug|Any CPU.Build.0 = Debug|Any CPU
		{A33733A2-C0EF-4790-B3C5-AB098DC61A7A}.Release|Any CPU.ActiveCfg = Release|Any CPU
		{A33733A2-C0EF-4790-B3C5-AB098DC61A7A}.Release|Any CPU.Build.0 = Release|Any CPU
	EndGlobalSection
	GlobalSection(SolutionProperties) = preSolution
		HideSolutionNode = FALSE
	EndGlobalSection
	GlobalSection(ExtensibilityGlobals) = postSolution
		SolutionGuid = {1869A0D8-A4DE-43D8-8D1D-C0CF23B21B76}
	EndGlobalSection
EndGlobal
